// !$*UTF8*$!
{
	archiveVersion = 1;
	classes = {
	};
	objectVersion = 77;
	objects = {

/* Begin PBXContainerItemProxy section */
		FB63C1FE2D73FF3000A9DA53 /* PBXContainerItemProxy */ = {
			isa = PBXContainerItemProxy;
			containerPortal = FB63C1E52D73FF2F00A9DA53 /* Project object */;
			proxyType = 1;
			remoteGlobalIDString = FB63C1EC2D73FF2F00A9DA53;
			remoteInfo = "Study Up";
		};
		FB63C2082D73FF3000A9DA53 /* PBXContainerItemProxy */ = {
			isa = PBXContainerItemProxy;
			containerPortal = FB63C1E52D73FF2F00A9DA53 /* Project object */;
			proxyType = 1;
			remoteGlobalIDString = FB63C1EC2D73FF2F00A9DA53;
			remoteInfo = "Study Up";
		};
/* End PBXContainerItemProxy section */

/* Begin PBXFileReference section */
		FB63C1ED2D73FF2F00A9DA53 /* Study Up.app */ = {isa = PBXFileReference; explicitFileType = wrapper.application; includeInIndex = 0; path = "Study Up.app"; sourceTree = BUILT_PRODUCTS_DIR; };
		FB63C1FD2D73FF3000A9DA53 /* Study UpTests.xctest */ = {isa = PBXFileReference; explicitFileType = wrapper.cfbundle; includeInIndex = 0; path = "Study UpTests.xctest"; sourceTree = BUILT_PRODUCTS_DIR; };
		FB63C2072D73FF3000A9DA53 /* Study UpUITests.xctest */ = {isa = PBXFileReference; explicitFileType = wrapper.cfbundle; includeInIndex = 0; path = "Study UpUITests.xctest"; sourceTree = BUILT_PRODUCTS_DIR; };
/* End PBXFileReference section */

/* Begin PBXFileSystemSynchronizedRootGroup section */
		FB63C1EF2D73FF2F00A9DA53 /* Study Up */ = {
			isa = PBXFileSystemSynchronizedRootGroup;
			path = "Study Up";
			sourceTree = "<group>";
		};
		FB63C2002D73FF3000A9DA53 /* Study UpTests */ = {
			isa = PBXFileSystemSynchronizedRootGroup;
			path = "Study UpTests";
			sourceTree = "<group>";
		};
		FB63C20A2D73FF3000A9DA53 /* Study UpUITests */ = {
			isa = PBXFileSystemSynchronizedRootGroup;
			path = "Study UpUITests";
			sourceTree = "<group>";
		};
/* End PBXFileSystemSynchronizedRootGroup section */

/* Begin PBXFrameworksBuildPhase section */
		FB63C1EA2D73FF2F00A9DA53 /* Frameworks */ = {
			isa = PBXFrameworksBuildPhase;
			buildActionMask = 2147483647;
			files = (
			);
			runOnlyForDeploymentPostprocessing = 0;
		};
		FB63C1FA2D73FF3000A9DA53 /* Frameworks */ = {
			isa = PBXFrameworksBuildPhase;
			buildActionMask = 2147483647;
			files = (
			);
			runOnlyForDeploymentPostprocessing = 0;
		};
		FB63C2042D73FF3000A9DA53 /* Frameworks */ = {
			isa = PBXFrameworksBuildPhase;
			buildActionMask = 2147483647;
			files = (
			);
			runOnlyForDeploymentPostprocessing = 0;
		};
/* End PBXFrameworksBuildPhase section */

/* Begin PBXGroup section */
		FB63C1E42D73FF2F00A9DA53 = {
			isa = PBXGroup;
			children = (
				FB63C1EF2D73FF2F00A9DA53 /* Study Up */,
				FB63C2002D73FF3000A9DA53 /* Study UpTests */,
				FB63C20A2D73FF3000A9DA53 /* Study UpUITests */,
				FB63C1EE2D73FF2F00A9DA53 /* Products */,
			);
			sourceTree = "<group>";
		};
		FB63C1EE2D73FF2F00A9DA53 /* Products */ = {
			isa = PBXGroup;
			children = (
				FB63C1ED2D73FF2F00A9DA53 /* Study Up.app */,
				FB63C1FD2D73FF3000A9DA53 /* Study UpTests.xctest */,
				FB63C2072D73FF3000A9DA53 /* Study UpUITests.xctest */,
			);
			name = Products;
			sourceTree = "<group>";
		};
/* End PBXGroup section */

/* Begin PBXNativeTarget section */
		FB63C1EC2D73FF2F00A9DA53 /* Study Up */ = {
			isa = PBXNativeTarget;
			buildConfigurationList = FB63C2112D73FF3000A9DA53 /* Build configuration list for PBXNativeTarget "Study Up" */;
			buildPhases = (
				FB63C1E92D73FF2F00A9DA53 /* Sources */,
				FB63C1EA2D73FF2F00A9DA53 /* Frameworks */,
				FB63C1EB2D73FF2F00A9DA53 /* Resources */,
			);
			buildRules = (
			);
			dependencies = (
			);
			fileSystemSynchronizedGroups = (
				FB63C1EF2D73FF2F00A9DA53 /* Study Up */,
			);
			name = "Study Up";
			packageProductDependencies = (
			);
			productName = "Study Up";
			productReference = FB63C1ED2D73FF2F00A9DA53 /* Study Up.app */;
			productType = "com.apple.product-type.application";
		};
		FB63C1FC2D73FF3000A9DA53 /* Study UpTests */ = {
			isa = PBXNativeTarget;
			buildConfigurationList = FB63C2142D73FF3000A9DA53 /* Build configuration list for PBXNativeTarget "Study UpTests" */;
			buildPhases = (
				FB63C1F92D73FF3000A9DA53 /* Sources */,
				FB63C1FA2D73FF3000A9DA53 /* Frameworks */,
				FB63C1FB2D73FF3000A9DA53 /* Resources */,
			);
			buildRules = (
			);
			dependencies = (
				FB63C1FF2D73FF3000A9DA53 /* PBXTargetDependency */,
			);
			fileSystemSynchronizedGroups = (
				FB63C2002D73FF3000A9DA53 /* Study UpTests */,
			);
			name = "Study UpTests";
			packageProductDependencies = (
			);
			productName = "Study UpTests";
			productReference = FB63C1FD2D73FF3000A9DA53 /* Study UpTests.xctest */;
			productType = "com.apple.product-type.bundle.unit-test";
		};
		FB63C2062D73FF3000A9DA53 /* Study UpUITests */ = {
			isa = PBXNativeTarget;
			buildConfigurationList = FB63C2172D73FF3000A9DA53 /* Build configuration list for PBXNativeTarget "Study UpUITests" */;
			buildPhases = (
				FB63C2032D73FF3000A9DA53 /* Sources */,
				FB63C2042D73FF3000A9DA53 /* Frameworks */,
				FB63C2052D73FF3000A9DA53 /* Resources */,
			);
			buildRules = (
			);
			dependencies = (
				FB63C2092D73FF3000A9DA53 /* PBXTargetDependency */,
			);
			fileSystemSynchronizedGroups = (
				FB63C20A2D73FF3000A9DA53 /* Study UpUITests */,
			);
			name = "Study UpUITests";
			packageProductDependencies = (
			);
			productName = "Study UpUITests";
			productReference = FB63C2072D73FF3000A9DA53 /* Study UpUITests.xctest */;
			productType = "com.apple.product-type.bundle.ui-testing";
		};
/* End PBXNativeTarget section */

/* Begin PBXProject section */
		FB63C1E52D73FF2F00A9DA53 /* Project object */ = {
			isa = PBXProject;
			attributes = {
				BuildIndependentTargetsInParallel = 1;
				LastSwiftUpdateCheck = 1620;
				LastUpgradeCheck = 1620;
				TargetAttributes = {
					FB63C1EC2D73FF2F00A9DA53 = {
						CreatedOnToolsVersion = 16.2;
					};
					FB63C1FC2D73FF3000A9DA53 = {
						CreatedOnToolsVersion = 16.2;
						TestTargetID = FB63C1EC2D73FF2F00A9DA53;
					};
					FB63C2062D73FF3000A9DA53 = {
						CreatedOnToolsVersion = 16.2;
						TestTargetID = FB63C1EC2D73FF2F00A9DA53;
					};
				};
			};
			buildConfigurationList = FB63C1E82D73FF2F00A9DA53 /* Build configuration list for PBXProject "Study Up" */;
			developmentRegion = en;
			hasScannedForEncodings = 0;
			knownRegions = (
				en,
				Base,
			);
			mainGroup = FB63C1E42D73FF2F00A9DA53;
			minimizedProjectReferenceProxies = 1;
			preferredProjectObjectVersion = 77;
			productRefGroup = FB63C1EE2D73FF2F00A9DA53 /* Products */;
			projectDirPath = "";
			projectRoot = "";
			targets = (
				FB63C1EC2D73FF2F00A9DA53 /* Study Up */,
				FB63C1FC2D73FF3000A9DA53 /* Study UpTests */,
				FB63C2062D73FF3000A9DA53 /* Study UpUITests */,
			);
		};
/* End PBXProject section */

/* Begin PBXResourcesBuildPhase section */
		FB63C1EB2D73FF2F00A9DA53 /* Resources */ = {
			isa = PBXResourcesBuildPhase;
			buildActionMask = 2147483647;
			files = (
			);
			runOnlyForDeploymentPostprocessing = 0;
		};
		FB63C1FB2D73FF3000A9DA53 /* Resources */ = {
			isa = PBXResourcesBuildPhase;
			buildActionMask = 2147483647;
			files = (
			);
			runOnlyForDeploymentPostprocessing = 0;
		};
		FB63C2052D73FF3000A9DA53 /* Resources */ = {
			isa = PBXResourcesBuildPhase;
			buildActionMask = 2147483647;
			files = (
			);
			runOnlyForDeploymentPostprocessing = 0;
		};
/* End PBXResourcesBuildPhase section */

/* Begin PBXSourcesBuildPhase section */
		FB63C1E92D73FF2F00A9DA53 /* Sources */ = {
			isa = PBXSourcesBuildPhase;
			buildActionMask = 2147483647;
			files = (
			);
			runOnlyForDeploymentPostprocessing = 0;
		};
		FB63C1F92D73FF3000A9DA53 /* Sources */ = {
			isa = PBXSourcesBuildPhase;
			buildActionMask = 2147483647;
			files = (
			);
			runOnlyForDeploymentPostprocessing = 0;
		};
		FB63C2032D73FF3000A9DA53 /* Sources */ = {
			isa = PBXSourcesBuildPhase;
			buildActionMask = 2147483647;
			files = (
			);
			runOnlyForDeploymentPostprocessing = 0;
		};
/* End PBXSourcesBuildPhase section */

/* Begin PBXTargetDependency section */
		FB63C1FF2D73FF3000A9DA53 /* PBXTargetDependency */ = {
			isa = PBXTargetDependency;
			target = FB63C1EC2D73FF2F00A9DA53 /* Study Up */;
			targetProxy = FB63C1FE2D73FF3000A9DA53 /* PBXContainerItemProxy */;
		};
		FB63C2092D73FF3000A9DA53 /* PBXTargetDependency */ = {
			isa = PBXTargetDependency;
			target = FB63C1EC2D73FF2F00A9DA53 /* Study Up */;
			targetProxy = FB63C2082D73FF3000A9DA53 /* PBXContainerItemProxy */;
		};
/* End PBXTargetDependency section */

/* Begin XCBuildConfiguration section */
		FB63C20F2D73FF3000A9DA53 /* Debug */ = {
			isa = XCBuildConfiguration;
			buildSettings = {
				ALWAYS_SEARCH_USER_PATHS = NO;
				ASSETCATALOG_COMPILER_GENERATE_SWIFT_ASSET_SYMBOL_EXTENSIONS = YES;
				CLANG_ANALYZER_NONNULL = YES;
				CLANG_ANALYZER_NUMBER_OBJECT_CONVERSION = YES_AGGRESSIVE;
				CLANG_CXX_LANGUAGE_STANDARD = "gnu++20";
				CLANG_ENABLE_MODULES = YES;
				CLANG_ENABLE_OBJC_ARC = YES;
				CLANG_ENABLE_OBJC_WEAK = YES;
				CLANG_WARN_BLOCK_CAPTURE_AUTORELEASING = YES;
				CLANG_WARN_BOOL_CONVERSION = YES;
				CLANG_WARN_COMMA = YES;
				CLANG_WARN_CONSTANT_CONVERSION = YES;
				CLANG_WARN_DEPRECATED_OBJC_IMPLEMENTATIONS = YES;
				CLANG_WARN_DIRECT_OBJC_ISA_USAGE = YES_ERROR;
				CLANG_WARN_DOCUMENTATION_COMMENTS = YES;
				CLANG_WARN_EMPTY_BODY = YES;
				CLANG_WARN_ENUM_CONVERSION = YES;
				CLANG_WARN_INFINITE_RECURSION = YES;
				CLANG_WARN_INT_CONVERSION = YES;
				CLANG_WARN_NON_LITERAL_NULL_CONVERSION = YES;
				CLANG_WARN_OBJC_IMPLICIT_RETAIN_SELF = YES;
				CLANG_WARN_OBJC_LITERAL_CONVERSION = YES;
				CLANG_WARN_OBJC_ROOT_CLASS = YES_ERROR;
				CLANG_WARN_QUOTED_INCLUDE_IN_FRAMEWORK_HEADER = YES;
				CLANG_WARN_RANGE_LOOP_ANALYSIS = YES;
				CLANG_WARN_STRICT_PROTOTYPES = YES;
				CLANG_WARN_SUSPICIOUS_MOVE = YES;
				CLANG_WARN_UNGUARDED_AVAILABILITY = YES_AGGRESSIVE;
				CLANG_WARN_UNREACHABLE_CODE = YES;
				CLANG_WARN__DUPLICATE_METHOD_MATCH = YES;
				COPY_PHASE_STRIP = NO;
				DEBUG_INFORMATION_FORMAT = dwarf;
				ENABLE_STRICT_OBJC_MSGSEND = YES;
				ENABLE_TESTABILITY = YES;
				ENABLE_USER_SCRIPT_SANDBOXING = YES;
				GCC_C_LANGUAGE_STANDARD = gnu17;
				GCC_DYNAMIC_NO_PIC = NO;
				GCC_NO_COMMON_BLOCKS = YES;
				GCC_OPTIMIZATION_LEVEL = 0;
				GCC_PREPROCESSOR_DEFINITIONS = (
					"DEBUG=1",
					"$(inherited)",
				);
				GCC_WARN_64_TO_32_BIT_CONVERSION = YES;
				GCC_WARN_ABOUT_RETURN_TYPE = YES_ERROR;
				GCC_WARN_UNDECLARED_SELECTOR = YES;
				GCC_WARN_UNINITIALIZED_AUTOS = YES_AGGRESSIVE;
				GCC_WARN_UNUSED_FUNCTION = YES;
				GCC_WARN_UNUSED_VARIABLE = YES;
				IPHONEOS_DEPLOYMENT_TARGET = 18.2;
				LOCALIZATION_PREFERS_STRING_CATALOGS = YES;
				MTL_ENABLE_DEBUG_INFO = INCLUDE_SOURCE;
				MTL_FAST_MATH = YES;
				ONLY_ACTIVE_ARCH = YES;
				SDKROOT = iphoneos;
				SWIFT_ACTIVE_COMPILATION_CONDITIONS = "DEBUG $(inherited)";
				SWIFT_OPTIMIZATION_LEVEL = "-Onone";
			};
			name = Debug;
		};
		FB63C2102D73FF3000A9DA53 /* Release */ = {
			isa = XCBuildConfiguration;
			buildSettings = {
				ALWAYS_SEARCH_USER_PATHS = NO;
				ASSETCATALOG_COMPILER_GENERATE_SWIFT_ASSET_SYMBOL_EXTENSIONS = YES;
				CLANG_ANALYZER_NONNULL = YES;
				CLANG_ANALYZER_NUMBER_OBJECT_CONVERSION = YES_AGGRESSIVE;
				CLANG_CXX_LANGUAGE_STANDARD = "gnu++20";
				CLANG_ENABLE_MODULES = YES;
				CLANG_ENABLE_OBJC_ARC = YES;
				CLANG_ENABLE_OBJC_WEAK = YES;
				CLANG_WARN_BLOCK_CAPTURE_AUTORELEASING = YES;
				CLANG_WARN_BOOL_CONVERSION = YES;
				CLANG_WARN_COMMA = YES;
				CLANG_WARN_CONSTANT_CONVERSION = YES;
				CLANG_WARN_DEPRECATED_OBJC_IMPLEMENTATIONS = YES;
				CLANG_WARN_DIRECT_OBJC_ISA_USAGE = YES_ERROR;
				CLANG_WARN_DOCUMENTATION_COMMENTS = YES;
				CLANG_WARN_EMPTY_BODY = YES;
				CLANG_WARN_ENUM_CONVERSION = YES;
				CLANG_WARN_INFINITE_RECURSION = YES;
				CLANG_WARN_INT_CONVERSION = YES;
				CLANG_WARN_NON_LITERAL_NULL_CONVERSION = YES;
				CLANG_WARN_OBJC_IMPLICIT_RETAIN_SELF = YES;
				CLANG_WARN_OBJC_LITERAL_CONVERSION = YES;
				CLANG_WARN_OBJC_ROOT_CLASS = YES_ERROR;
				CLANG_WARN_QUOTED_INCLUDE_IN_FRAMEWORK_HEADER = YES;
				CLANG_WARN_RANGE_LOOP_ANALYSIS = YES;
				CLANG_WARN_STRICT_PROTOTYPES = YES;
				CLANG_WARN_SUSPICIOUS_MOVE = YES;
				CLANG_WARN_UNGUARDED_AVAILABILITY = YES_AGGRESSIVE;
				CLANG_WARN_UNREACHABLE_CODE = YES;
				CLANG_WARN__DUPLICATE_METHOD_MATCH = YES;
				COPY_PHASE_STRIP = NO;
				DEBUG_INFORMATION_FORMAT = "dwarf-with-dsym";
				ENABLE_NS_ASSERTIONS = NO;
				ENABLE_STRICT_OBJC_MSGSEND = YES;
				ENABLE_USER_SCRIPT_SANDBOXING = YES;
				GCC_C_LANGUAGE_STANDARD = gnu17;
				GCC_NO_COMMON_BLOCKS = YES;
				GCC_WARN_64_TO_32_BIT_CONVERSION = YES;
				GCC_WARN_ABOUT_RETURN_TYPE = YES_ERROR;
				GCC_WARN_UNDECLARED_SELECTOR = YES;
				GCC_WARN_UNINITIALIZED_AUTOS = YES_AGGRESSIVE;
				GCC_WARN_UNUSED_FUNCTION = YES;
				GCC_WARN_UNUSED_VARIABLE = YES;
				IPHONEOS_DEPLOYMENT_TARGET = 18.2;
				LOCALIZATION_PREFERS_STRING_CATALOGS = YES;
				MTL_ENABLE_DEBUG_INFO = NO;
				MTL_FAST_MATH = YES;
				SDKROOT = iphoneos;
				SWIFT_COMPILATION_MODE = wholemodule;
				VALIDATE_PRODUCT = YES;
			};
			name = Release;
		};
		FB63C2122D73FF3000A9DA53 /* Debug */ = {
			isa = XCBuildConfiguration;
			buildSettings = {
				ASSETCATALOG_COMPILER_APPICON_NAME = AppIcon;
				ASSETCATALOG_COMPILER_GLOBAL_ACCENT_COLOR_NAME = AccentColor;
				CODE_SIGN_STYLE = Automatic;
				CURRENT_PROJECT_VERSION = 1;
				DEVELOPMENT_ASSET_PATHS = "\"Study Up/Preview Content\"";
				DEVELOPMENT_TEAM = TA2J696P3G;
				ENABLE_PREVIEWS = YES;
				GENERATE_INFOPLIST_FILE = YES;
				INFOPLIST_KEY_UIApplicationSceneManifest_Generation = YES;
				INFOPLIST_KEY_UIApplicationSupportsIndirectInputEvents = YES;
				INFOPLIST_KEY_UILaunchScreen_Generation = YES;
				INFOPLIST_KEY_UISupportedInterfaceOrientations_iPad = "UIInterfaceOrientationPortrait UIInterfaceOrientationPortraitUpsideDown UIInterfaceOrientationLandscapeLeft UIInterfaceOrientationLandscapeRight";
				INFOPLIST_KEY_UISupportedInterfaceOrientations_iPhone = "UIInterfaceOrientationPortrait UIInterfaceOrientationLandscapeLeft UIInterfaceOrientationLandscapeRight";
				LD_RUNPATH_SEARCH_PATHS = (
					"$(inherited)",
					"@executable_path/Frameworks",
				);
				MARKETING_VERSION = 1.0;
				PRODUCT_BUNDLE_IDENTIFIER = "mandtstudios.Study-Up";
				PRODUCT_NAME = "$(TARGET_NAME)";
				SWIFT_EMIT_LOC_STRINGS = YES;
				SWIFT_VERSION = 5.0;
				TARGETED_DEVICE_FAMILY = "1,2";
			};
			name = Debug;
		};
		FB63C2132D73FF3000A9DA53 /* Release */ = {
			isa = XCBuildConfiguration;
			buildSettings = {
				ASSETCATALOG_COMPILER_APPICON_NAME = AppIcon;
				ASSETCATALOG_COMPILER_GLOBAL_ACCENT_COLOR_NAME = AccentColor;
				CODE_SIGN_STYLE = Automatic;
				CURRENT_PROJECT_VERSION = 1;
				DEVELOPMENT_ASSET_PATHS = "\"Study Up/Preview Content\"";
				DEVELOPMENT_TEAM = TA2J696P3G;
				ENABLE_PREVIEWS = YES;
				GENERATE_INFOPLIST_FILE = YES;
				INFOPLIST_KEY_UIApplicationSceneManifest_Generation = YES;
				INFOPLIST_KEY_UIApplicationSupportsIndirectInputEvents = YES;
				INFOPLIST_KEY_UILaunchScreen_Generation = YES;
				INFOPLIST_KEY_UISupportedInterfaceOrientations_iPad = "UIInterfaceOrientationPortrait UIInterfaceOrientationPortraitUpsideDown UIInterfaceOrientationLandscapeLeft UIInterfaceOrientationLandscapeRight";
				INFOPLIST_KEY_UISupportedInterfaceOrientations_iPhone = "UIInterfaceOrientationPortrait UIInterfaceOrientationLandscapeLeft UIInterfaceOrientationLandscapeRight";
				LD_RUNPATH_SEARCH_PATHS = (
					"$(inherited)",
					"@executable_path/Frameworks",
				);
				MARKETING_VERSION = 1.0;
				PRODUCT_BUNDLE_IDENTIFIER = "mandtstudios.Study-Up";
				PRODUCT_NAME = "$(TARGET_NAME)";
				SWIFT_EMIT_LOC_STRINGS = YES;
				SWIFT_VERSION = 5.0;
				TARGETED_DEVICE_FAMILY = "1,2";
			};
			name = Release;
		};
		FB63C2152D73FF3000A9DA53 /* Debug */ = {
			isa = XCBuildConfiguration;
			buildSettings = {
				BUNDLE_LOADER = "$(TEST_HOST)";
				CODE_SIGN_STYLE = Automatic;
				CURRENT_PROJECT_VERSION = 1;
				GENERATE_INFOPLIST_FILE = YES;
				IPHONEOS_DEPLOYMENT_TARGET = 18.2;
				MARKETING_VERSION = 1.0;
				PRODUCT_BUNDLE_IDENTIFIER = "mandtstudios.Study-UpTests";
				PRODUCT_NAME = "$(TARGET_NAME)";
				SWIFT_EMIT_LOC_STRINGS = NO;
				SWIFT_VERSION = 5.0;
				TARGETED_DEVICE_FAMILY = "1,2";
				TEST_HOST = "$(BUILT_PRODUCTS_DIR)/Study Up.app/$(BUNDLE_EXECUTABLE_FOLDER_PATH)/Study Up";
			};
			name = Debug;
		};
		FB63C2162D73FF3000A9DA53 /* Release */ = {
			isa = XCBuildConfiguration;
			buildSettings = {
				BUNDLE_LOADER = "$(TEST_HOST)";
				CODE_SIGN_STYLE = Automatic;
				CURRENT_PROJECT_VERSION = 1;
				GENERATE_INFOPLIST_FILE = YES;
				IPHONEOS_DEPLOYMENT_TARGET = 18.2;
				MARKETING_VERSION = 1.0;
				PRODUCT_BUNDLE_IDENTIFIER = "mandtstudios.Study-UpTests";
				PRODUCT_NAME = "$(TARGET_NAME)";
				SWIFT_EMIT_LOC_STRINGS = NO;
				SWIFT_VERSION = 5.0;
				TARGETED_DEVICE_FAMILY = "1,2";
				TEST_HOST = "$(BUILT_PRODUCTS_DIR)/Study Up.app/$(BUNDLE_EXECUTABLE_FOLDER_PATH)/Study Up";
			};
			name = Release;
		};
		FB63C2182D73FF3000A9DA53 /* Debug */ = {
			isa = XCBuildConfiguration;
			buildSettings = {
				CODE_SIGN_STYLE = Automatic;
				CURRENT_PROJECT_VERSION = 1;
				GENERATE_INFOPLIST_FILE = YES;
				MARKETING_VERSION = 1.0;
				PRODUCT_BUNDLE_IDENTIFIER = "mandtstudios.Study-UpUITests";
				PRODUCT_NAME = "$(TARGET_NAME)";
				SWIFT_EMIT_LOC_STRINGS = NO;
				SWIFT_VERSION = 5.0;
				TARGETED_DEVICE_FAMILY = "1,2";
				TEST_TARGET_NAME = "Study Up";
			};
			name = Debug;
		};
		FB63C2192D73FF3000A9DA53 /* Release */ = {
			isa = XCBuildConfiguration;
			buildSettings = {
				CODE_SIGN_STYLE = Automatic;
				CURRENT_PROJECT_VERSION = 1;
				GENERATE_INFOPLIST_FILE = YES;
				MARKETING_VERSION = 1.0;
				PRODUCT_BUNDLE_IDENTIFIER = "mandtstudios.Study-UpUITests";
				PRODUCT_NAME = "$(TARGET_NAME)";
				SWIFT_EMIT_LOC_STRINGS = NO;
				SWIFT_VERSION = 5.0;
				TARGETED_DEVICE_FAMILY = "1,2";
				TEST_TARGET_NAME = "Study Up";
			};
			name = Release;
		};
/* End XCBuildConfiguration section */

/* Begin XCConfigurationList section */
		FB63C1E82D73FF2F00A9DA53 /* Build configuration list for PBXProject "Study Up" */ = {
			isa = XCConfigurationList;
			buildConfigurations = (
				FB63C20F2D73FF3000A9DA53 /* Debug */,
				FB63C2102D73FF3000A9DA53 /* Release */,
			);
			defaultConfigurationIsVisible = 0;
			defaultConfigurationName = Release;
		};
		FB63C2112D73FF3000A9DA53 /* Build configuration list for PBXNativeTarget "Study Up" */ = {
			isa = XCConfigurationList;
			buildConfigurations = (
				FB63C2122D73FF3000A9DA53 /* Debug */,
				FB63C2132D73FF3000A9DA53 /* Release */,
			);
			defaultConfigurationIsVisible = 0;
			defaultConfigurationName = Release;
		};
		FB63C2142D73FF3000A9DA53 /* Build configuration list for PBXNativeTarget "Study UpTests" */ = {
			isa = XCConfigurationList;
			buildConfigurations = (
				FB63C2152D73FF3000A9DA53 /* Debug */,
				FB63C2162D73FF3000A9DA53 /* Release */,
			);
			defaultConfigurationIsVisible = 0;
			defaultConfigurationName = Release;
		};
		FB63C2172D73FF3000A9DA53 /* Build configuration list for PBXNativeTarget "Study UpUITests" */ = {
			isa = XCConfigurationList;
			buildConfigurations = (
				FB63C2182D73FF3000A9DA53 /* Debug */,
				FB63C2192D73FF3000A9DA53 /* Release */,
			);
			defaultConfigurationIsVisible = 0;
			defaultConfigurationName = Release;
		};
/* End XCConfigurationList section */
	};
	rootObject = FB63C1E52D73FF2F00A9DA53 /* Project object */;
}
